
Microsoft Visual Studio Solution File, Format Version 12.00
Project("{FAE04EC0-301F-11D3-BF4B-00C04F79EFBC}") = "MapNavigationDemoMVC", "MapNavigationDemoMVC\MapNavigationDemoMVC.csproj", "{F661C464-14C0-46B6-938D-0CF89195A2DF}"
EndProject
Global
	GlobalSection(SolutionConfigurationPlatforms) = preSolution
		Debug|Any CPU = Debug|Any CPU
		Release|Any CPU = Release|Any CPU
	EndGlobalSection
	GlobalSection(ProjectConfigurationPlatforms) = postSolution
		{F661C464-14C0-46B6-938D-0CF89195A2DF}.Debug|Any CPU.ActiveCfg = Debug|Any CPU
		{F661C464-14C0-46B6-938D-0CF89195A2DF}.Debug|Any CPU.Build.0 = Debug|Any CPU
		{F661C464-14C0-46B6-938D-0CF89195A2DF}.Release|Any CPU.ActiveCfg = Release|Any CPU
		{F661C464-14C0-46B6-938D-0CF89195A2DF}.Release|Any CPU.Build.0 = Release|Any CPU
	EndGlobalSection
EndGlobal
